// !$*UTF8*$!
{
	archiveVersion = 1;
	classes = {
	};
	objectVersion = 50;
	objects = {

/* Begin PBXBuildFile section */
		F437160026A737C900349518 /* SwiftBetaCalculatorApp.swift in Sources */ = {isa = PBXBuildFile; fileRef = F43715FF26A737C900349518 /* SwiftBetaCalculatorApp.swift */; };
		F437160226A737C900349518 /* ContentView.swift in Sources */ = {isa = PBXBuildFile; fileRef = F437160126A737C900349518 /* ContentView.swift */; };
		F437160426A737CA00349518 /* Assets.xcassets in Resources */ = {isa = PBXBuildFile; fileRef = F437160326A737CA00349518 /* Assets.xcassets */; };
		F437160726A737CA00349518 /* Preview Assets.xcassets in Resources */ = {isa = PBXBuildFile; fileRef = F437160626A737CA00349518 /* Preview Assets.xcassets */; };
		F437161226A7566000349518 /* VerticalButtonStack.swift in Sources */ = {isa = PBXBuildFile; fileRef = F437161126A7566000349518 /* VerticalButtonStack.swift */; };
		F49BA08026CAE9130075FEA6 /* DesignSystem.swift in Sources */ = {isa = PBXBuildFile; fileRef = F49BA07F26CAE9130075FEA6 /* DesignSystem.swift */; };
		F49BA08226CAEA680075FEA6 /* Model.swift in Sources */ = {isa = PBXBuildFile; fileRef = F49BA08126CAEA680075FEA6 /* Model.swift */; };
		F49BA08426CAEE2E0075FEA6 /* ViewModel.swift in Sources */ = {isa = PBXBuildFile; fileRef = F49BA08326CAEE2E0075FEA6 /* ViewModel.swift */; };
/* End PBXBuildFile section */

/* Begin PBXFileReference section */
		F43715FC26A737C900349518 /* SwiftBetaCalculator.app */ = {isa = PBXFileReference; explicitFileType = wrapper.application; includeInIndex = 0; path = SwiftBetaCalculator.app; sourceTree = BUILT_PRODUCTS_DIR; };
		F43715FF26A737C900349518 /* SwiftBetaCalculatorApp.swift */ = {isa = PBXFileReference; lastKnownFileType = sourcecode.swift; path = SwiftBetaCalculatorApp.swift; sourceTree = "<group>"; };
		F437160126A737C900349518 /* ContentView.swift */ = {isa = PBXFileReference; lastKnownFileType = sourcecode.swift; path = ContentView.swift; sourceTree = "<group>"; };
		F437160326A737CA00349518 /* Assets.xcassets */ = {isa = PBXFileReference; lastKnownFileType = folder.assetcatalog; path = Assets.xcassets; sourceTree = "<group>"; };
		F437160626A737CA00349518 /* Preview Assets.xcassets */ = {isa = PBXFileReference; lastKnownFileType = folder.assetcatalog; path = "Preview Assets.xcassets"; sourceTree = "<group>"; };
		F437160826A737CA00349518 /* Info.plist */ = {isa = PBXFileReference; lastKnownFileType = text.plist.xml; path = Info.plist; sourceTree = "<group>"; };
		F437161026A754F500349518 /* SwiftBetaCalculator.entitlements */ = {isa = PBXFileReference; lastKnownFileType = text.plist.entitlements; path = SwiftBetaCalculator.entitlements; sourceTree = "<group>"; };
		F437161126A7566000349518 /* VerticalButtonStack.swift */ = {isa = PBXFileReference; lastKnownFileType = sourcecode.swift; path = VerticalButtonStack.swift; sourceTree = "<group>"; };
		F49BA07F26CAE9130075FEA6 /* DesignSystem.swift */ = {isa = PBXFileReference; lastKnownFileType = sourcecode.swift; path = DesignSystem.swift; sourceTree = "<group>"; };
		F49BA08126CAEA680075FEA6 /* Model.swift */ = {isa = PBXFileReference; lastKnownFileType = sourcecode.swift; path = Model.swift; sourceTree = "<group>"; };
		F49BA08326CAEE2E0075FEA6 /* ViewModel.swift */ = {isa = PBXFileReference; lastKnownFileType = sourcecode.swift; path = ViewModel.swift; sourceTree = "<group>"; };
/* End PBXFileReference section */

/* Begin PBXFrameworksBuildPhase section */
		F43715F926A737C900349518 /* Frameworks */ = {
			isa = PBXFrameworksBuildPhase;
			buildActionMask = 2147483647;
			files = (
			);
			runOnlyForDeploymentPostprocessing = 0;
		};
/* End PBXFrameworksBuildPhase section */

/* Begin PBXGroup section */
		F43715F326A737C900349518 = {
			isa = PBXGroup;
			children = (
				F43715FE26A737C900349518 /* SwiftBetaCalculator */,
				F43715FD26A737C900349518 /* Products */,
			);
			sourceTree = "<group>";
		};
		F43715FD26A737C900349518 /* Products */ = {
			isa = PBXGroup;
			children = (
				F43715FC26A737C900349518 /* SwiftBetaCalculator.app */,
			);
			name = Products;
			sourceTree = "<group>";
		};
		F43715FE26A737C900349518 /* SwiftBetaCalculator */ = {
			isa = PBXGroup;
			children = (
				F437161026A754F500349518 /* SwiftBetaCalculator.entitlements */,
				F43715FF26A737C900349518 /* SwiftBetaCalculatorApp.swift */,
				F437160126A737C900349518 /* ContentView.swift */,
				F437161126A7566000349518 /* VerticalButtonStack.swift */,
				F49BA08126CAEA680075FEA6 /* Model.swift */,
				F49BA07F26CAE9130075FEA6 /* DesignSystem.swift */,
				F49BA08326CAEE2E0075FEA6 /* ViewModel.swift */,
				F437160326A737CA00349518 /* Assets.xcassets */,
				F437160826A737CA00349518 /* Info.plist */,
				F437160526A737CA00349518 /* Preview Content */,
			);
			path = SwiftBetaCalculator;
			sourceTree = "<group>";
		};
		F437160526A737CA00349518 /* Preview Content */ = {
			isa = PBXGroup;
			children = (
				F437160626A737CA00349518 /* Preview Assets.xcassets */,
			);
			path = "Preview Content";
			sourceTree = "<group>";
		};
/* End PBXGroup section */

/* Begin PBXNativeTarget section */
		F43715FB26A737C900349518 /* SwiftBetaCalculator */ = {
			isa = PBXNativeTarget;
			buildConfigurationList = F437160B26A737CA00349518 /* Build configuration list for PBXNativeTarget "SwiftBetaCalculator" */;
			buildPhases = (
				F43715F826A737C900349518 /* Sources */,
				F43715F926A737C900349518 /* Frameworks */,
				F43715FA26A737C900349518 /* Resources */,
			);
			buildRules = (
			);
			dependencies = (
			);
			name = SwiftBetaCalculator;
			productName = SwiftBetaCalculator;
			productReference = F43715FC26A737C900349518 /* SwiftBetaCalculator.app */;
			productType = "com.apple.product-type.application";
		};
/* End PBXNativeTarget section */

/* Begin PBXProject section */
		F43715F426A737C900349518 /* Project object */ = {
			isa = PBXProject;
			attributes = {
				LastSwiftUpdateCheck = 1250;
				LastUpgradeCheck = 1250;
				TargetAttributes = {
					F43715FB26A737C900349518 = {
						CreatedOnToolsVersion = 12.5;
					};
				};
			};
			buildConfigurationList = F43715F726A737C900349518 /* Build configuration list for PBXProject "SwiftBetaCalculator" */;
			compatibilityVersion = "Xcode 9.3";
			developmentRegion = en;
			hasScannedForEncodings = 0;
			knownRegions = (
				en,
				Base,
			);
			mainGroup = F43715F326A737C900349518;
			productRefGroup = F43715FD26A737C900349518 /* Products */;
			projectDirPath = "";
			projectRoot = "";
			targets = (
				F43715FB26A737C900349518 /* SwiftBetaCalculator */,
			);
		};
/* End PBXProject section */

/* Begin PBXResourcesBuildPhase section */
		F43715FA26A737C900349518 /* Resources */ = {
			isa = PBXResourcesBuildPhase;
			buildActionMask = 2147483647;
			files = (
				F437160726A737CA00349518 /* Preview Assets.xcassets in Resources */,
				F437160426A737CA00349518 /* Assets.xcassets in Resources */,
			);
			runOnlyForDeploymentPostprocessing = 0;
		};
/* End PBXResourcesBuildPhase section */

/* Begin PBXSourcesBuildPhase section */
		F43715F826A737C900349518 /* Sources */ = {
			isa = PBXSourcesBuildPhase;
			buildActionMask = 2147483647;
			files = (
				F437161226A7566000349518 /* VerticalButtonStack.swift in Sources */,
				F49BA08026CAE9130075FEA6 /* DesignSystem.swift in Sources */,
				F437160226A737C900349518 /* ContentView.swift in Sources */,
				F49BA08226CAEA680075FEA6 /* Model.swift in Sources */,
				F49BA08426CAEE2E0075FEA6 /* ViewModel.swift in Sources */,
				F437160026A737C900349518 /* SwiftBetaCalculatorApp.swift in Sources */,
			);
			runOnlyForDeploymentPostprocessing = 0;
		};
/* End PBXSourcesBuildPhase section */

/* Begin XCBuildConfiguration section */
		F437160926A737CA00349518 /* Debug */ = {
			isa = XCBuildConfiguration;
			buildSettings = {
				ALWAYS_SEARCH_USER_PATHS = NO;
				CLANG_ANALYZER_NONNULL = YES;
				CLANG_ANALYZER_NUMBER_OBJECT_CONVERSION = YES_AGGRESSIVE;
				CLANG_CXX_LANGUAGE_STANDARD = "gnu++14";
				CLANG_CXX_LIBRARY = "libc++";
				CLANG_ENABLE_MODULES = YES;
				CLANG_ENABLE_OBJC_ARC = YES;
				CLANG_ENABLE_OBJC_WEAK = YES;
				CLANG_WARN_BLOCK_CAPTURE_AUTORELEASING = YES;
				CLANG_WARN_BOOL_CONVERSION = YES;
				CLANG_WARN_COMMA = YES;
				CLANG_WARN_CONSTANT_CONVERSION = YES;
				CLANG_WARN_DEPRECATED_OBJC_IMPLEMENTATIONS = YES;
				CLANG_WARN_DIRECT_OBJC_ISA_USAGE = YES_ERROR;
				CLANG_WARN_DOCUMENTATION_COMMENTS = YES;
				CLANG_WARN_EMPTY_BODY = YES;
				CLANG_WARN_ENUM_CONVERSION = YES;
				CLANG_WARN_INFINITE_RECURSION = YES;
				CLANG_WARN_INT_CONVERSION = YES;
				CLANG_WARN_NON_LITERAL_NULL_CONVERSION = YES;
				CLANG_WARN_OBJC_IMPLICIT_RETAIN_SELF = YES;
				CLANG_WARN_OBJC_LITERAL_CONVERSION = YES;
				CLANG_WARN_OBJC_ROOT_CLASS = YES_ERROR;
				CLANG_WARN_QUOTED_INCLUDE_IN_FRAMEWORK_HEADER = YES;
				CLANG_WARN_RANGE_LOOP_ANALYSIS = YES;
				CLANG_WARN_STRICT_PROTOTYPES = YES;
				CLANG_WARN_SUSPICIOUS_MOVE = YES;
				CLANG_WARN_UNGUARDED_AVAILABILITY = YES_AGGRESSIVE;
				CLANG_WARN_UNREACHABLE_CODE = YES;
				CLANG_WARN__DUPLICATE_METHOD_MATCH = YES;
				COPY_PHASE_STRIP = NO;
				DEBUG_INFORMATION_FORMAT = dwarf;
				ENABLE_STRICT_OBJC_MSGSEND = YES;
				ENABLE_TESTABILITY = YES;
				GCC_C_LANGUAGE_STANDARD = gnu11;
				GCC_DYNAMIC_NO_PIC = NO;
				GCC_NO_COMMON_BLOCKS = YES;
				GCC_OPTIMIZATION_LEVEL = 0;
				GCC_PREPROCESSOR_DEFINITIONS = (
					"DEBUG=1",
					"$(inherited)",
				);
				GCC_WARN_64_TO_32_BIT_CONVERSION = YES;
				GCC_WARN_ABOUT_RETURN_TYPE = YES_ERROR;
				GCC_WARN_UNDECLARED_SELECTOR = YES;
				GCC_WARN_UNINITIALIZED_AUTOS = YES_AGGRESSIVE;
				GCC_WARN_UNUSED_FUNCTION = YES;
				GCC_WARN_UNUSED_VARIABLE = YES;
				IPHONEOS_DEPLOYMENT_TARGET = 14.5;
				MTL_ENABLE_DEBUG_INFO = INCLUDE_SOURCE;
				MTL_FAST_MATH = YES;
				ONLY_ACTIVE_ARCH = YES;
				SDKROOT = iphoneos;
				SWIFT_ACTIVE_COMPILATION_CONDITIONS = DEBUG;
				SWIFT_OPTIMIZATION_LEVEL = "-Onone";
			};
			name = Debug;
		};
		F437160A26A737CA00349518 /* Release */ = {
			isa = XCBuildConfiguration;
			buildSettings = {
				ALWAYS_SEARCH_USER_PATHS = NO;
				CLANG_ANALYZER_NONNULL = YES;
				CLANG_ANALYZER_NUMBER_OBJECT_CONVERSION = YES_AGGRESSIVE;
				CLANG_CXX_LANGUAGE_STANDARD = "gnu++14";
				CLANG_CXX_LIBRARY = "libc++";
				CLANG_ENABLE_MODULES = YES;
				CLANG_ENABLE_OBJC_ARC = YES;
				CLANG_ENABLE_OBJC_WEAK = YES;
				CLANG_WARN_BLOCK_CAPTURE_AUTORELEASING = YES;
				CLANG_WARN_BOOL_CONVERSION = YES;
				CLANG_WARN_COMMA = YES;
				CLANG_WARN_CONSTANT_CONVERSION = YES;
				CLANG_WARN_DEPRECATED_OBJC_IMPLEMENTATIONS = YES;
				CLANG_WARN_DIRECT_OBJC_ISA_USAGE = YES_ERROR;
				CLANG_WARN_DOCUMENTATION_COMMENTS = YES;
				CLANG_WARN_EMPTY_BODY = YES;
				CLANG_WARN_ENUM_CONVERSION = YES;
				CLANG_WARN_INFINITE_RECURSION = YES;
				CLANG_WARN_INT_CONVERSION = YES;
				CLANG_WARN_NON_LITERAL_NULL_CONVERSION = YES;
				CLANG_WARN_OBJC_IMPLICIT_RETAIN_SELF = YES;
				CLANG_WARN_OBJC_LITERAL_CONVERSION = YES;
				CLANG_WARN_OBJC_ROOT_CLASS = YES_ERROR;
				CLANG_WARN_QUOTED_INCLUDE_IN_FRAMEWORK_HEADER = YES;
				CLANG_WARN_RANGE_LOOP_ANALYSIS = YES;
				CLANG_WARN_STRICT_PROTOTYPES = YES;
				CLANG_WARN_SUSPICIOUS_MOVE = YES;
				CLANG_WARN_UNGUARDED_AVAILABILITY = YES_AGGRESSIVE;
				CLANG_WARN_UNREACHABLE_CODE = YES;
				CLANG_WARN__DUPLICATE_METHOD_MATCH = YES;
				COPY_PHASE_STRIP = NO;
				DEBUG_INFORMATION_FORMAT = "dwarf-with-dsym";
				ENABLE_NS_ASSERTIONS = NO;
				ENABLE_STRICT_OBJC_MSGSEND = YES;
				GCC_C_LANGUAGE_STANDARD = gnu11;
				GCC_NO_COMMON_BLOCKS = YES;
				GCC_WARN_64_TO_32_BIT_CONVERSION = YES;
				GCC_WARN_ABOUT_RETURN_TYPE = YES_ERROR;
				GCC_WARN_UNDECLARED_SELECTOR = YES;
				GCC_WARN_UNINITIALIZED_AUTOS = YES_AGGRESSIVE;
				GCC_WARN_UNUSED_FUNCTION = YES;
				GCC_WARN_UNUSED_VARIABLE = YES;
				IPHONEOS_DEPLOYMENT_TARGET = 14.5;
				MTL_ENABLE_DEBUG_INFO = NO;
				MTL_FAST_MATH = YES;
				SDKROOT = iphoneos;
				SWIFT_COMPILATION_MODE = wholemodule;
				SWIFT_OPTIMIZATION_LEVEL = "-O";
				VALIDATE_PRODUCT = YES;
			};
			name = Release;
		};
		F437160C26A737CA00349518 /* Debug */ = {
			isa = XCBuildConfiguration;
			buildSettings = {
				ASSETCATALOG_COMPILER_APPICON_NAME = AppIcon;
				ASSETCATALOG_COMPILER_GLOBAL_ACCENT_COLOR_NAME = AccentColor;
				CODE_SIGN_ENTITLEMENTS = SwiftBetaCalculator/SwiftBetaCalculator.entitlements;
				"CODE_SIGN_IDENTITY[sdk=macosx*]" = "-";
				CODE_SIGN_STYLE = Automatic;
				DEVELOPMENT_ASSET_PATHS = "\"SwiftBetaCalculator/Preview Content\"";
				ENABLE_PREVIEWS = YES;
				INFOPLIST_FILE = SwiftBetaCalculator/Info.plist;
				IPHONEOS_DEPLOYMENT_TARGET = 14.0;
				LD_RUNPATH_SEARCH_PATHS = (
					"$(inherited)",
					"@executable_path/Frameworks",
				);
				PRODUCT_BUNDLE_IDENTIFIER = com.swiftbeta.SwiftBetaCalculator;
				PRODUCT_NAME = "$(TARGET_NAME)";
				SUPPORTS_MACCATALYST = YES;
				SWIFT_VERSION = 5.0;
				TARGETED_DEVICE_FAMILY = "1,2";
			};
			name = Debug;
		};
		F437160D26A737CA00349518 /* Release */ = {
			isa = XCBuildConfiguration;
			buildSettings = {
				ASSETCATALOG_COMPILER_APPICON_NAME = AppIcon;
				ASSETCATALOG_COMPILER_GLOBAL_ACCENT_COLOR_NAME = AccentColor;
				CODE_SIGN_ENTITLEMENTS = SwiftBetaCalculator/SwiftBetaCalculator.entitlements;
				"CODE_SIGN_IDENTITY[sdk=macosx*]" = "-";
				CODE_SIGN_STYLE = Automatic;
				DEVELOPMENT_ASSET_PATHS = "\"SwiftBetaCalculator/Preview Content\"";
				ENABLE_PREVIEWS = YES;
				INFOPLIST_FILE = SwiftBetaCalculator/Info.plist;
				IPHONEOS_DEPLOYMENT_TARGET = 14.0;
				LD_RUNPATH_SEARCH_PATHS = (
					"$(inherited)",
					"@executable_path/Frameworks",
				);
				PRODUCT_BUNDLE_IDENTIFIER = com.swiftbeta.SwiftBetaCalculator;
				PRODUCT_NAME = "$(TARGET_NAME)";
				SUPPORTS_MACCATALYST = YES;
				SWIFT_VERSION = 5.0;
				TARGETED_DEVICE_FAMILY = "1,2";
			};
			name = Release;
		};
/* End XCBuildConfiguration section */

/* Begin XCConfigurationList section */
		F43715F726A737C900349518 /* Build configuration list for PBXProject "SwiftBetaCalculator" */ = {
			isa = XCConfigurationList;
			buildConfigurations = (
				F437160926A737CA00349518 /* Debug */,
				F437160A26A737CA00349518 /* Release */,
			);
			defaultConfigurationIsVisible = 0;
			defaultConfigurationName = Release;
		};
		F437160B26A737CA00349518 /* Build configuration list for PBXNativeTarget "SwiftBetaCalculator" */ = {
			isa = XCConfigurationList;
			buildConfigurations = (
				F437160C26A737CA00349518 /* Debug */,
				F437160D26A737CA00349518 /* Release */,
			);
			defaultConfigurationIsVisible = 0;
			defaultConfigurationName = Release;
		};
/* End XCConfigurationList section */
	};
	rootObject = F43715F426A737C900349518 /* Project object */;
}
